
Microsoft Visual Studio Solution File, Format Version 12.00
# Visual Studio Version 16
VisualStudioVersion = 16.0.30717.126
MinimumVisualStudioVersion = 10.0.40219.1
Project("{9A19103F-16F7-4668-BE54-9A1E7A4F7556}") = "Hamnen", "Hamnen-master\Hamnen.csproj", "{8C7E0589-C141-4E8B-9F18-CC9A086E922B}"
EndProject
Project("{9A19103F-16F7-4668-BE54-9A1E7A4F7556}") = "Linus", "linus\Linus\Linus.csproj", "{3699F59F-B347-45AF-95A3-E42B1BDD7DDB}"
EndProject
Global
	GlobalSection(SolutionConfigurationPlatforms) = preSolution
		Debug|Any CPU = Debug|Any CPU
		Release|Any CPU = Release|Any CPU
	EndGlobalSection
	GlobalSection(ProjectConfigurationPlatforms) = postSolution
		{8C7E0589-C141-4E8B-9F18-CC9A086E922B}.Debug|Any CPU.ActiveCfg = Debug|Any CPU
		{8C7E0589-C141-4E8B-9F18-CC9A086E922B}.Debug|Any CPU.Build.0 = Debug|Any CPU
		{8C7E0589-C141-4E8B-9F18-CC9A086E922B}.Release|Any CPU.ActiveCfg = Release|Any CPU
		{8C7E0589-C141-4E8B-9F18-CC9A086E922B}.Release|Any CPU.Build.0 = Release|Any CPU
		{3699F59F-B347-45AF-95A3-E42B1BDD7DDB}.Debug|Any CPU.ActiveCfg = Debug|Any CPU
		{3699F59F-B347-45AF-95A3-E42B1BDD7DDB}.Debug|Any CPU.Build.0 = Debug|Any CPU
		{3699F59F-B347-45AF-95A3-E42B1BDD7DDB}.Release|Any CPU.ActiveCfg = Release|Any CPU
		{3699F59F-B347-45AF-95A3-E42B1BDD7DDB}.Release|Any CPU.Build.0 = Release|Any CPU
	EndGlobalSection
	GlobalSection(SolutionProperties) = preSolution
		HideSolutionNode = FALSE
	EndGlobalSection
	GlobalSection(ExtensibilityGlobals) = postSolution
		SolutionGuid = {0CBEF133-97AF-465F-952B-B73774F86C35}
	EndGlobalSection
EndGlobal
